
Microsoft Visual Studio Solution File, Format Version 12.00
# Visual Studio Version 17
VisualStudioVersion = 17.0.32014.148
MinimumVisualStudioVersion = 10.0.40219.1
Project("{9A19103F-16F7-4668-BE54-9A1E7A4F7556}") = "ITS.CLOD.TwoPhaseCommit.Cordinator", "ITS.CLOD.TwoPhaseCommit.Cordinator\ITS.CLOD.TwoPhaseCommit.Cordinator.csproj", "{E141D8A8-BF4C-4803-9B93-D29816FF01B2}"
EndProject
Project("{FAE04EC0-301F-11D3-BF4B-00C04F79EFBC}") = "ITS.CLOD.TwoPhaseCommit.CustomerMicroservice", "ITS.CLOD.TwoPhaseCommit.CustomerMicroservice\ITS.CLOD.TwoPhaseCommit.CustomerMicroservice.csproj", "{4794D8FF-E822-451D-A052-8644FBFA53D1}"
EndProject
Project("{FAE04EC0-301F-11D3-BF4B-00C04F79EFBC}") = "ITS.CLOD.TwoPhaseCommit.OrderMicroservice", "ITS.CLOD.TwoPhaseCommit.OrderMicroservice\ITS.CLOD.TwoPhaseCommit.OrderMicroservice.csproj", "{630637D7-4CE8-4A0A-8ED4-A4DABEFDF357}"
EndProject
Global
	GlobalSection(SolutionConfigurationPlatforms) = preSolution
		Debug|Any CPU = Debug|Any CPU
		Release|Any CPU = Release|Any CPU
	EndGlobalSection
	GlobalSection(ProjectConfigurationPlatforms) = postSolution
		{E141D8A8-BF4C-4803-9B93-D29816FF01B2}.Debug|Any CPU.ActiveCfg = Debug|Any CPU
		{E141D8A8-BF4C-4803-9B93-D29816FF01B2}.Debug|Any CPU.Build.0 = Debug|Any CPU
		{E141D8A8-BF4C-4803-9B93-D29816FF01B2}.Release|Any CPU.ActiveCfg = Release|Any CPU
		{E141D8A8-BF4C-4803-9B93-D29816FF01B2}.Release|Any CPU.Build.0 = Release|Any CPU
		{4794D8FF-E822-451D-A052-8644FBFA53D1}.Debug|Any CPU.ActiveCfg = Debug|Any CPU
		{4794D8FF-E822-451D-A052-8644FBFA53D1}.Debug|Any CPU.Build.0 = Debug|Any CPU
		{4794D8FF-E822-451D-A052-8644FBFA53D1}.Release|Any CPU.ActiveCfg = Release|Any CPU
		{4794D8FF-E822-451D-A052-8644FBFA53D1}.Release|Any CPU.Build.0 = Release|Any CPU
		{630637D7-4CE8-4A0A-8ED4-A4DABEFDF357}.Debug|Any CPU.ActiveCfg = Debug|Any CPU
		{630637D7-4CE8-4A0A-8ED4-A4DABEFDF357}.Debug|Any CPU.Build.0 = Debug|Any CPU
		{630637D7-4CE8-4A0A-8ED4-A4DABEFDF357}.Release|Any CPU.ActiveCfg = Release|Any CPU
		{630637D7-4CE8-4A0A-8ED4-A4DABEFDF357}.Release|Any CPU.Build.0 = Release|Any CPU
	EndGlobalSection
	GlobalSection(SolutionProperties) = preSolution
		HideSolutionNode = FALSE
	EndGlobalSection
	GlobalSection(ExtensibilityGlobals) = postSolution
		SolutionGuid = {24384133-4120-4994-B049-FC556B4DFFB9}
	EndGlobalSection
EndGlobal
